
Microsoft Visual Studio Solution File, Format Version 12.00
# Visual Studio Version 17
VisualStudioVersion = 17.1.32328.378
MinimumVisualStudioVersion = 10.0.40219.1
Project("{9A19103F-16F7-4668-BE54-9A1E7A4F7556}") = "BootstrapBlazor.SignaturePad", "BootstrapBlazor.SignaturePad.csproj", "{6E13B6F6-4FF5-4C3E-9A81-B759889D361D}"
EndProject
Global
	GlobalSection(SolutionConfigurationPlatforms) = preSolution
		Debug|Any CPU = Debug|Any CPU
		Release|Any CPU = Release|Any CPU
	EndGlobalSection
	GlobalSection(ProjectConfigurationPlatforms) = postSolution
		{6E13B6F6-4FF5-4C3E-9A81-B759889D361D}.Debug|Any CPU.ActiveCfg = Debug|Any CPU
		{6E13B6F6-4FF5-4C3E-9A81-B759889D361D}.Debug|Any CPU.Build.0 = Debug|Any CPU
		{6E13B6F6-4FF5-4C3E-9A81-B759889D361D}.Release|Any CPU.ActiveCfg = Release|Any CPU
		{6E13B6F6-4FF5-4C3E-9A81-B759889D361D}.Release|Any CPU.Build.0 = Release|Any CPU
	EndGlobalSection
	GlobalSection(SolutionProperties) = preSolution
		HideSolutionNode = FALSE
	EndGlobalSection
	GlobalSection(ExtensibilityGlobals) = postSolution
		SolutionGuid = {C8B41E9C-39E0-4B91-BB02-39FD2714C2D7}
	EndGlobalSection
EndGlobal
